
Microsoft Visual Studio Solution File, Format Version 12.00
# Visual Studio Version 16
VisualStudioVersion = 16.0.33927.289
MinimumVisualStudioVersion = 10.0.40219.1
Project("{2150E333-8FDC-42A3-9474-1A3956D46DE8}") = "Task0", "Task0", "{DC6E8678-4A9D-40CE-8673-429794311C0F}"
EndProject
Project("{FAE04EC0-301F-11D3-BF4B-00C04F79EFBC}") = "Tyuiu.KomarovMI.Sprint5.Task0.V12", "Tyuiu.KomarovMI.Sprint5.Task0.V12\Tyuiu.KomarovMI.Sprint5.Task0.V12.csproj", "{8658BEE5-F58D-4593-A50D-03C0A6DD2087}"
EndProject
Project("{FAE04EC0-301F-11D3-BF4B-00C04F79EFBC}") = "Tyuiu.KomarovMI.Sprint5.Task0.V12.Lib", "Tyuiu.KomarovMI.Sprint5.Task0.V12.Lib\Tyuiu.KomarovMI.Sprint5.Task0.V12.Lib.csproj", "{7B24F260-DBBA-40A3-BB3C-77B5130AFA95}"
EndProject
Project("{FAE04EC0-301F-11D3-BF4B-00C04F79EFBC}") = "Tyuiu.KomarovMI.Sprint5.Task0.V12.Test", "Tyuiu.KomarovMI.Sprint5.Task0.V12.Test\Tyuiu.KomarovMI.Sprint5.Task0.V12.Test.csproj", "{63AD40DB-8AE4-4539-B561-60B298200A40}"
EndProject
Project("{2150E333-8FDC-42A3-9474-1A3956D46DE8}") = "Task1", "Task1", "{0A831151-7891-43F2-B569-92A52E531D13}"
EndProject
Project("{FAE04EC0-301F-11D3-BF4B-00C04F79EFBC}") = "Tyuiu.KomarovMI.Sprint5.Task1.V17", "Tyuiu.KomarovMI.Sprint5.Task1.V17\Tyuiu.KomarovMI.Sprint5.Task1.V17.csproj", "{0C2E11B7-EDA6-4DD5-9415-4591A044E1E2}"
EndProject
Project("{FAE04EC0-301F-11D3-BF4B-00C04F79EFBC}") = "Tyuiu.KomarovMI.Sprint5.Task1.V17.Lib", "Tyuiu.KomarovMI.Sprint5.Task1.V17.Lib\Tyuiu.KomarovMI.Sprint5.Task1.V17.Lib.csproj", "{D4109B44-60FC-407F-A498-B0789DDD0388}"
EndProject
Project("{FAE04EC0-301F-11D3-BF4B-00C04F79EFBC}") = "Tyuiu.KomarovMI.Sprint5.Task1.V17.Test", "Tyuiu.KomarovMI.Sprint5.Task1.V17.Test\Tyuiu.KomarovMI.Sprint5.Task1.V17.Test.csproj", "{20DDD67A-124E-4E04-9D51-285484226823}"
EndProject
Project("{2150E333-8FDC-42A3-9474-1A3956D46DE8}") = "Task2", "Task2", "{D6123AB0-9059-4D1D-8BC4-AFB09076B8CD}"
EndProject
Project("{FAE04EC0-301F-11D3-BF4B-00C04F79EFBC}") = "Tyuiu.KomarovMI.Sprint5.Task2.V4", "Tyuiu.KomarovMI.Sprint5.Task2.V4\Tyuiu.KomarovMI.Sprint5.Task2.V4.csproj", "{ABDA612C-A6CC-489A-950E-61A92BE2A5A9}"
EndProject
Project("{FAE04EC0-301F-11D3-BF4B-00C04F79EFBC}") = "Tyuiu.KomarovMI.Sprint5.Task2.V4.Lib", "Tyuiu.KomarovMI.Sprint5.Task2.V4.Lib\Tyuiu.KomarovMI.Sprint5.Task2.V4.Lib.csproj", "{BB3DC60F-17DE-4BF8-ABE1-B78335148C23}"
EndProject
Project("{FAE04EC0-301F-11D3-BF4B-00C04F79EFBC}") = "Tyuiu.KomarovMI.Sprint5.Task2.V4.Test", "Tyuiu.KomarovMI.Sprint5.Task2.V4.Test\Tyuiu.KomarovMI.Sprint5.Task2.V4.Test.csproj", "{6E485CA5-0230-4BE6-9397-EA9F235FB796}"
EndProject
Project("{2150E333-8FDC-42A3-9474-1A3956D46DE8}") = "Task3", "Task3", "{09CD0273-56CC-44A6-A6AB-B20AD581AC22}"
EndProject
Project("{FAE04EC0-301F-11D3-BF4B-00C04F79EFBC}") = "Tyuiu.KomarovMI.Sprint5.Task3.V30", "Tyuiu.KomarovMI.Sprint5.Task3.V30\Tyuiu.KomarovMI.Sprint5.Task3.V30.csproj", "{D0220833-A660-4E88-ABF5-F8B60EA71AD2}"
EndProject
Project("{FAE04EC0-301F-11D3-BF4B-00C04F79EFBC}") = "Tyuiu.KomarovMI.Sprint5.Task3.V30.Lib", "Tyuiu.KomarovMI.Sprint5.Task3.V30.Lib\Tyuiu.KomarovMI.Sprint5.Task3.V30.Lib.csproj", "{CD4DB647-0F3C-493A-91A8-53DB47618903}"
EndProject
Project("{FAE04EC0-301F-11D3-BF4B-00C04F79EFBC}") = "Tyuiu.KomarovMI.Sprint5.Task3.V30.Test", "Tyuiu.KomarovMI.Sprint5.Task3.V30.Test\Tyuiu.KomarovMI.Sprint5.Task3.V30.Test.csproj", "{C26B5A8A-0838-412D-A726-7496E1C65253}"
EndProject
Project("{2150E333-8FDC-42A3-9474-1A3956D46DE8}") = "Task4", "Task4", "{EB7234FC-918C-4CD7-9C99-CBC3D9E44B71}"
EndProject
Project("{FAE04EC0-301F-11D3-BF4B-00C04F79EFBC}") = "Tyuiu.KomarovMI.Sprint5.Task4.V11", "Tyuiu.KomarovMI.Sprint5.Task4.V11\Tyuiu.KomarovMI.Sprint5.Task4.V11.csproj", "{892B4BFF-FCD9-4513-A951-9A428722BB3F}"
EndProject
Project("{FAE04EC0-301F-11D3-BF4B-00C04F79EFBC}") = "Tyuiu.KomarovMI.Sprint5.Task4.V11.Lib", "Tyuiu.KomarovMI.Sprint5.Task4.V11.Lib\Tyuiu.KomarovMI.Sprint5.Task4.V11.Lib.csproj", "{CD8247D5-C566-4307-8B40-C3B5B8C263D4}"
EndProject
Project("{FAE04EC0-301F-11D3-BF4B-00C04F79EFBC}") = "Tyuiu.KomarovMI.Sprint5.Task4.V11.Test", "Tyuiu.KomarovMI.Sprint5.Task4.V11.Test\Tyuiu.KomarovMI.Sprint5.Task4.V11.Test.csproj", "{5AE38DA9-43A6-46C6-8605-1F1871575DC8}"
EndProject
Project("{2150E333-8FDC-42A3-9474-1A3956D46DE8}") = "Task5", "Task5", "{85FB4573-AE84-413A-A34C-916058962788}"
EndProject
Project("{FAE04EC0-301F-11D3-BF4B-00C04F79EFBC}") = "Tyuiu.KomarovMI.Sprint5.Task5.V20", "Tyuiu.KomarovMI.Sprint5.Task5.V20\Tyuiu.KomarovMI.Sprint5.Task5.V20.csproj", "{84C0BCC7-E4D0-43F4-B5EF-8117FD4BDD99}"
EndProject
Project("{FAE04EC0-301F-11D3-BF4B-00C04F79EFBC}") = "Tyuiu.KomarovMI.Sprint5.Task5.V20.Lib", "Tyuiu.KomarovMI.Sprint5.Task5.V20.Lib\Tyuiu.KomarovMI.Sprint5.Task5.V20.Lib.csproj", "{05FAA7D2-3CB4-4DAA-93FE-B5B5E3314715}"
EndProject
Project("{FAE04EC0-301F-11D3-BF4B-00C04F79EFBC}") = "Tyuiu.KomarovMI.Sprint5.Task5.V20.Test", "Tyuiu.KomarovMI.Sprint5.Task5.V20.Test\Tyuiu.KomarovMI.Sprint5.Task5.V20.Test.csproj", "{81C2E213-1851-4210-BACA-58B2C681A56C}"
EndProject
Global
	GlobalSection(SolutionConfigurationPlatforms) = preSolution
		Debug|Any CPU = Debug|Any CPU
		Release|Any CPU = Release|Any CPU
	EndGlobalSection
	GlobalSection(ProjectConfigurationPlatforms) = postSolution
		{8658BEE5-F58D-4593-A50D-03C0A6DD2087}.Debug|Any CPU.ActiveCfg = Debug|Any CPU
		{8658BEE5-F58D-4593-A50D-03C0A6DD2087}.Debug|Any CPU.Build.0 = Debug|Any CPU
		{8658BEE5-F58D-4593-A50D-03C0A6DD2087}.Release|Any CPU.ActiveCfg = Release|Any CPU
		{8658BEE5-F58D-4593-A50D-03C0A6DD2087}.Release|Any CPU.Build.0 = Release|Any CPU
		{7B24F260-DBBA-40A3-BB3C-77B5130AFA95}.Debug|Any CPU.ActiveCfg = Debug|Any CPU
		{7B24F260-DBBA-40A3-BB3C-77B5130AFA95}.Debug|Any CPU.Build.0 = Debug|Any CPU
		{7B24F260-DBBA-40A3-BB3C-77B5130AFA95}.Release|Any CPU.ActiveCfg = Release|Any CPU
		{7B24F260-DBBA-40A3-BB3C-77B5130AFA95}.Release|Any CPU.Build.0 = Release|Any CPU
		{63AD40DB-8AE4-4539-B561-60B298200A40}.Debug|Any CPU.ActiveCfg = Debug|Any CPU
		{63AD40DB-8AE4-4539-B561-60B298200A40}.Debug|Any CPU.Build.0 = Debug|Any CPU
		{63AD40DB-8AE4-4539-B561-60B298200A40}.Release|Any CPU.ActiveCfg = Release|Any CPU
		{63AD40DB-8AE4-4539-B561-60B298200A40}.Release|Any CPU.Build.0 = Release|Any CPU
		{0C2E11B7-EDA6-4DD5-9415-4591A044E1E2}.Debug|Any CPU.ActiveCfg = Debug|Any CPU
		{0C2E11B7-EDA6-4DD5-9415-4591A044E1E2}.Debug|Any CPU.Build.0 = Debug|Any CPU
		{0C2E11B7-EDA6-4DD5-9415-4591A044E1E2}.Release|Any CPU.ActiveCfg = Release|Any CPU
		{0C2E11B7-EDA6-4DD5-9415-4591A044E1E2}.Release|Any CPU.Build.0 = Release|Any CPU
		{D4109B44-60FC-407F-A498-B0789DDD0388}.Debug|Any CPU.ActiveCfg = Debug|Any CPU
		{D4109B44-60FC-407F-A498-B0789DDD0388}.Debug|Any CPU.Build.0 = Debug|Any CPU
		{D4109B44-60FC-407F-A498-B0789DDD0388}.Release|Any CPU.ActiveCfg = Release|Any CPU
		{D4109B44-60FC-407F-A498-B0789DDD0388}.Release|Any CPU.Build.0 = Release|Any CPU
		{20DDD67A-124E-4E04-9D51-285484226823}.Debug|Any CPU.ActiveCfg = Debug|Any CPU
		{20DDD67A-124E-4E04-9D51-285484226823}.Debug|Any CPU.Build.0 = Debug|Any CPU
		{20DDD67A-124E-4E04-9D51-285484226823}.Release|Any CPU.ActiveCfg = Release|Any CPU
		{20DDD67A-124E-4E04-9D51-285484226823}.Release|Any CPU.Build.0 = Release|Any CPU
		{ABDA612C-A6CC-489A-950E-61A92BE2A5A9}.Debug|Any CPU.ActiveCfg = Debug|Any CPU
		{ABDA612C-A6CC-489A-950E-61A92BE2A5A9}.Debug|Any CPU.Build.0 = Debug|Any CPU
		{ABDA612C-A6CC-489A-950E-61A92BE2A5A9}.Release|Any CPU.ActiveCfg = Release|Any CPU
		{ABDA612C-A6CC-489A-950E-61A92BE2A5A9}.Release|Any CPU.Build.0 = Release|Any CPU
		{BB3DC60F-17DE-4BF8-ABE1-B78335148C23}.Debug|Any CPU.ActiveCfg = Debug|Any CPU
		{BB3DC60F-17DE-4BF8-ABE1-B78335148C23}.Debug|Any CPU.Build.0 = Debug|Any CPU
		{BB3DC60F-17DE-4BF8-ABE1-B78335148C23}.Release|Any CPU.ActiveCfg = Release|Any CPU
		{BB3DC60F-17DE-4BF8-ABE1-B78335148C23}.Release|Any CPU.Build.0 = Release|Any CPU
		{6E485CA5-0230-4BE6-9397-EA9F235FB796}.Debug|Any CPU.ActiveCfg = Debug|Any CPU
		{6E485CA5-0230-4BE6-9397-EA9F235FB796}.Debug|Any CPU.Build.0 = Debug|Any CPU
		{6E485CA5-0230-4BE6-9397-EA9F235FB796}.Release|Any CPU.ActiveCfg = Release|Any CPU
		{6E485CA5-0230-4BE6-9397-EA9F235FB796}.Release|Any CPU.Build.0 = Release|Any CPU
		{D0220833-A660-4E88-ABF5-F8B60EA71AD2}.Debug|Any CPU.ActiveCfg = Debug|Any CPU
		{D0220833-A660-4E88-ABF5-F8B60EA71AD2}.Debug|Any CPU.Build.0 = Debug|Any CPU
		{D0220833-A660-4E88-ABF5-F8B60EA71AD2}.Release|Any CPU.ActiveCfg = Release|Any CPU
		{D0220833-A660-4E88-ABF5-F8B60EA71AD2}.Release|Any CPU.Build.0 = Release|Any CPU
		{CD4DB647-0F3C-493A-91A8-53DB47618903}.Debug|Any CPU.ActiveCfg = Debug|Any CPU
		{CD4DB647-0F3C-493A-91A8-53DB47618903}.Debug|Any CPU.Build.0 = Debug|Any CPU
		{CD4DB647-0F3C-493A-91A8-53DB47618903}.Release|Any CPU.ActiveCfg = Release|Any CPU
		{CD4DB647-0F3C-493A-91A8-53DB47618903}.Release|Any CPU.Build.0 = Release|Any CPU
		{C26B5A8A-0838-412D-A726-7496E1C65253}.Debug|Any CPU.ActiveCfg = Debug|Any CPU
		{C26B5A8A-0838-412D-A726-7496E1C65253}.Debug|Any CPU.Build.0 = Debug|Any CPU
		{C26B5A8A-0838-412D-A726-7496E1C65253}.Release|Any CPU.ActiveCfg = Release|Any CPU
		{C26B5A8A-0838-412D-A726-7496E1C65253}.Release|Any CPU.Build.0 = Release|Any CPU
		{892B4BFF-FCD9-4513-A951-9A428722BB3F}.Debug|Any CPU.ActiveCfg = Debug|Any CPU
		{892B4BFF-FCD9-4513-A951-9A428722BB3F}.Debug|Any CPU.Build.0 = Debug|Any CPU
		{892B4BFF-FCD9-4513-A951-9A428722BB3F}.Release|Any CPU.ActiveCfg = Release|Any CPU
		{892B4BFF-FCD9-4513-A951-9A428722BB3F}.Release|Any CPU.Build.0 = Release|Any CPU
		{CD8247D5-C566-4307-8B40-C3B5B8C263D4}.Debug|Any CPU.ActiveCfg = Debug|Any CPU
		{CD8247D5-C566-4307-8B40-C3B5B8C263D4}.Debug|Any CPU.Build.0 = Debug|Any CPU
		{CD8247D5-C566-4307-8B40-C3B5B8C263D4}.Release|Any CPU.ActiveCfg = Release|Any CPU
		{CD8247D5-C566-4307-8B40-C3B5B8C263D4}.Release|Any CPU.Build.0 = Release|Any CPU
		{5AE38DA9-43A6-46C6-8605-1F1871575DC8}.Debug|Any CPU.ActiveCfg = Debug|Any CPU
		{5AE38DA9-43A6-46C6-8605-1F1871575DC8}.Debug|Any CPU.Build.0 = Debug|Any CPU
		{5AE38DA9-43A6-46C6-8605-1F1871575DC8}.Release|Any CPU.ActiveCfg = Release|Any CPU
		{5AE38DA9-43A6-46C6-8605-1F1871575DC8}.Release|Any CPU.Build.0 = Release|Any CPU
		{84C0BCC7-E4D0-43F4-B5EF-8117FD4BDD99}.Debug|Any CPU.ActiveCfg = Debug|Any CPU
		{84C0BCC7-E4D0-43F4-B5EF-8117FD4BDD99}.Debug|Any CPU.Build.0 = Debug|Any CPU
		{84C0BCC7-E4D0-43F4-B5EF-8117FD4BDD99}.Release|Any CPU.ActiveCfg = Release|Any CPU
		{84C0BCC7-E4D0-43F4-B5EF-8117FD4BDD99}.Release|Any CPU.Build.0 = Release|Any CPU
		{05FAA7D2-3CB4-4DAA-93FE-B5B5E3314715}.Debug|Any CPU.ActiveCfg = Debug|Any CPU
		{05FAA7D2-3CB4-4DAA-93FE-B5B5E3314715}.Debug|Any CPU.Build.0 = Debug|Any CPU
		{05FAA7D2-3CB4-4DAA-93FE-B5B5E3314715}.Release|Any CPU.ActiveCfg = Release|Any CPU
		{05FAA7D2-3CB4-4DAA-93FE-B5B5E3314715}.Release|Any CPU.Build.0 = Release|Any CPU
		{81C2E213-1851-4210-BACA-58B2C681A56C}.Debug|Any CPU.ActiveCfg = Debug|Any CPU
		{81C2E213-1851-4210-BACA-58B2C681A56C}.Debug|Any CPU.Build.0 = Debug|Any CPU
		{81C2E213-1851-4210-BACA-58B2C681A56C}.Release|Any CPU.ActiveCfg = Release|Any CPU
		{81C2E213-1851-4210-BACA-58B2C681A56C}.Release|Any CPU.Build.0 = Release|Any CPU
	EndGlobalSection
	GlobalSection(SolutionProperties) = preSolution
		HideSolutionNode = FALSE
	EndGlobalSection
	GlobalSection(NestedProjects) = preSolution
		{8658BEE5-F58D-4593-A50D-03C0A6DD2087} = {DC6E8678-4A9D-40CE-8673-429794311C0F}
		{7B24F260-DBBA-40A3-BB3C-77B5130AFA95} = {DC6E8678-4A9D-40CE-8673-429794311C0F}
		{63AD40DB-8AE4-4539-B561-60B298200A40} = {DC6E8678-4A9D-40CE-8673-429794311C0F}
		{0C2E11B7-EDA6-4DD5-9415-4591A044E1E2} = {0A831151-7891-43F2-B569-92A52E531D13}
		{D4109B44-60FC-407F-A498-B0789DDD0388} = {0A831151-7891-43F2-B569-92A52E531D13}
		{20DDD67A-124E-4E04-9D51-285484226823} = {0A831151-7891-43F2-B569-92A52E531D13}
		{ABDA612C-A6CC-489A-950E-61A92BE2A5A9} = {D6123AB0-9059-4D1D-8BC4-AFB09076B8CD}
		{BB3DC60F-17DE-4BF8-ABE1-B78335148C23} = {D6123AB0-9059-4D1D-8BC4-AFB09076B8CD}
		{6E485CA5-0230-4BE6-9397-EA9F235FB796} = {D6123AB0-9059-4D1D-8BC4-AFB09076B8CD}
		{D0220833-A660-4E88-ABF5-F8B60EA71AD2} = {09CD0273-56CC-44A6-A6AB-B20AD581AC22}
		{CD4DB647-0F3C-493A-91A8-53DB47618903} = {09CD0273-56CC-44A6-A6AB-B20AD581AC22}
		{C26B5A8A-0838-412D-A726-7496E1C65253} = {09CD0273-56CC-44A6-A6AB-B20AD581AC22}
		{892B4BFF-FCD9-4513-A951-9A428722BB3F} = {EB7234FC-918C-4CD7-9C99-CBC3D9E44B71}
		{CD8247D5-C566-4307-8B40-C3B5B8C263D4} = {EB7234FC-918C-4CD7-9C99-CBC3D9E44B71}
		{5AE38DA9-43A6-46C6-8605-1F1871575DC8} = {EB7234FC-918C-4CD7-9C99-CBC3D9E44B71}
		{84C0BCC7-E4D0-43F4-B5EF-8117FD4BDD99} = {85FB4573-AE84-413A-A34C-916058962788}
		{05FAA7D2-3CB4-4DAA-93FE-B5B5E3314715} = {85FB4573-AE84-413A-A34C-916058962788}
		{81C2E213-1851-4210-BACA-58B2C681A56C} = {85FB4573-AE84-413A-A34C-916058962788}
	EndGlobalSection
	GlobalSection(ExtensibilityGlobals) = postSolution
		SolutionGuid = {0702525B-3723-4DC6-B2A9-B5AB2C2E8040}
	EndGlobalSection
EndGlobal
